
Microsoft Visual Studio Solution File, Format Version 12.00
# Visual Studio 15
VisualStudioVersion = 15.0.28307.136
MinimumVisualStudioVersion = 10.0.40219.1
Project("{FAE04EC0-301F-11D3-BF4B-00C04F79EFBC}") = "NetworkTestingApplication", "NetworkTestingApplication\NetworkTestingApplication.csproj", "{FCD4CEA7-24FA-498A-BA3A-440E191831C3}"
EndProject
Project("{FAE04EC0-301F-11D3-BF4B-00C04F79EFBC}") = "TomsUWPNetworkingLibrary", "TomsUWPNetworkingLibrary\TomsUWPNetworkingLibrary.csproj", "{DAC9E95E-1E27-4B19-AD02-F11964A9EF0F}"
EndProject
Global
	GlobalSection(SolutionConfigurationPlatforms) = preSolution
		Debug|Any CPU = Debug|Any CPU
		Debug|ARM = Debug|ARM
		Debug|ARM64 = Debug|ARM64
		Debug|x64 = Debug|x64
		Debug|x86 = Debug|x86
		Release|Any CPU = Release|Any CPU
		Release|ARM = Release|ARM
		Release|ARM64 = Release|ARM64
		Release|x64 = Release|x64
		Release|x86 = Release|x86
	EndGlobalSection
	GlobalSection(ProjectConfigurationPlatforms) = postSolution
		{FCD4CEA7-24FA-498A-BA3A-440E191831C3}.Debug|Any CPU.ActiveCfg = Debug|x86
		{FCD4CEA7-24FA-498A-BA3A-440E191831C3}.Debug|ARM.ActiveCfg = Debug|ARM
		{FCD4CEA7-24FA-498A-BA3A-440E191831C3}.Debug|ARM.Build.0 = Debug|ARM
		{FCD4CEA7-24FA-498A-BA3A-440E191831C3}.Debug|ARM.Deploy.0 = Debug|ARM
		{FCD4CEA7-24FA-498A-BA3A-440E191831C3}.Debug|ARM64.ActiveCfg = Debug|ARM64
		{FCD4CEA7-24FA-498A-BA3A-440E191831C3}.Debug|ARM64.Build.0 = Debug|ARM64
		{FCD4CEA7-24FA-498A-BA3A-440E191831C3}.Debug|ARM64.Deploy.0 = Debug|ARM64
		{FCD4CEA7-24FA-498A-BA3A-440E191831C3}.Debug|x64.ActiveCfg = Debug|x64
		{FCD4CEA7-24FA-498A-BA3A-440E191831C3}.Debug|x64.Build.0 = Debug|x64
		{FCD4CEA7-24FA-498A-BA3A-440E191831C3}.Debug|x64.Deploy.0 = Debug|x64
		{FCD4CEA7-24FA-498A-BA3A-440E191831C3}.Debug|x86.ActiveCfg = Debug|x86
		{FCD4CEA7-24FA-498A-BA3A-440E191831C3}.Debug|x86.Build.0 = Debug|x86
		{FCD4CEA7-24FA-498A-BA3A-440E191831C3}.Debug|x86.Deploy.0 = Debug|x86
		{FCD4CEA7-24FA-498A-BA3A-440E191831C3}.Release|Any CPU.ActiveCfg = Release|x86
		{FCD4CEA7-24FA-498A-BA3A-440E191831C3}.Release|ARM.ActiveCfg = Release|ARM
		{FCD4CEA7-24FA-498A-BA3A-440E191831C3}.Release|ARM.Build.0 = Release|ARM
		{FCD4CEA7-24FA-498A-BA3A-440E191831C3}.Release|ARM.Deploy.0 = Release|ARM
		{FCD4CEA7-24FA-498A-BA3A-440E191831C3}.Release|ARM64.ActiveCfg = Release|ARM64
		{FCD4CEA7-24FA-498A-BA3A-440E191831C3}.Release|ARM64.Build.0 = Release|ARM64
		{FCD4CEA7-24FA-498A-BA3A-440E191831C3}.Release|ARM64.Deploy.0 = Release|ARM64
		{FCD4CEA7-24FA-498A-BA3A-440E191831C3}.Release|x64.ActiveCfg = Release|x64
		{FCD4CEA7-24FA-498A-BA3A-440E191831C3}.Release|x64.Build.0 = Release|x64
		{FCD4CEA7-24FA-498A-BA3A-440E191831C3}.Release|x64.Deploy.0 = Release|x64
		{FCD4CEA7-24FA-498A-BA3A-440E191831C3}.Release|x86.ActiveCfg = Release|x86
		{FCD4CEA7-24FA-498A-BA3A-440E191831C3}.Release|x86.Build.0 = Release|x86
		{FCD4CEA7-24FA-498A-BA3A-440E191831C3}.Release|x86.Deploy.0 = Release|x86
		{DAC9E95E-1E27-4B19-AD02-F11964A9EF0F}.Debug|Any CPU.ActiveCfg = Debug|Any CPU
		{DAC9E95E-1E27-4B19-AD02-F11964A9EF0F}.Debug|Any CPU.Build.0 = Debug|Any CPU
		{DAC9E95E-1E27-4B19-AD02-F11964A9EF0F}.Debug|ARM.ActiveCfg = Debug|ARM
		{DAC9E95E-1E27-4B19-AD02-F11964A9EF0F}.Debug|ARM.Build.0 = Debug|ARM
		{DAC9E95E-1E27-4B19-AD02-F11964A9EF0F}.Debug|ARM64.ActiveCfg = Debug|ARM64
		{DAC9E95E-1E27-4B19-AD02-F11964A9EF0F}.Debug|ARM64.Build.0 = Debug|ARM64
		{DAC9E95E-1E27-4B19-AD02-F11964A9EF0F}.Debug|x64.ActiveCfg = Debug|x64
		{DAC9E95E-1E27-4B19-AD02-F11964A9EF0F}.Debug|x64.Build.0 = Debug|x64
		{DAC9E95E-1E27-4B19-AD02-F11964A9EF0F}.Debug|x86.ActiveCfg = Debug|x86
		{DAC9E95E-1E27-4B19-AD02-F11964A9EF0F}.Debug|x86.Build.0 = Debug|x86
		{DAC9E95E-1E27-4B19-AD02-F11964A9EF0F}.Release|Any CPU.ActiveCfg = Release|Any CPU
		{DAC9E95E-1E27-4B19-AD02-F11964A9EF0F}.Release|Any CPU.Build.0 = Release|Any CPU
		{DAC9E95E-1E27-4B19-AD02-F11964A9EF0F}.Release|ARM.ActiveCfg = Release|ARM
		{DAC9E95E-1E27-4B19-AD02-F11964A9EF0F}.Release|ARM.Build.0 = Release|ARM
		{DAC9E95E-1E27-4B19-AD02-F11964A9EF0F}.Release|ARM64.ActiveCfg = Release|ARM64
		{DAC9E95E-1E27-4B19-AD02-F11964A9EF0F}.Release|ARM64.Build.0 = Release|ARM64
		{DAC9E95E-1E27-4B19-AD02-F11964A9EF0F}.Release|x64.ActiveCfg = Release|x64
		{DAC9E95E-1E27-4B19-AD02-F11964A9EF0F}.Release|x64.Build.0 = Release|x64
		{DAC9E95E-1E27-4B19-AD02-F11964A9EF0F}.Release|x86.ActiveCfg = Release|x86
		{DAC9E95E-1E27-4B19-AD02-F11964A9EF0F}.Release|x86.Build.0 = Release|x86
	EndGlobalSection
	GlobalSection(SolutionProperties) = preSolution
		HideSolutionNode = FALSE
	EndGlobalSection
	GlobalSection(ExtensibilityGlobals) = postSolution
		SolutionGuid = {6122F25E-C0D0-4416-A1DF-E7BA49BC233D}
	EndGlobalSection
EndGlobal
